{
  "name": "test-project",
  "lockfileVersion": 3,
  "requires": true,
  "packages": {
    "": {
      "name": "test-project",
      "dependencies": {
        "@myorg/utils": "file:../packages/utils"
      }
    },
    "../packages/utils": {
      "name": "@myorg/utils",
      "version": "1.2.3"
    },
    "node_modules/@myorg/utils": {
      "resolved": "../packages/utils",
      "link": true
    }
  }
}
